{
  "name": "@pyoner/svelte-types",
  "version": "3.4.4-2",
  "lockfileVersion": 1,
  "requires": true,
  "dependencies": {
    "svelte": {
      "version": "3.4.4",
      "resolved": "https://registry.npmjs.org/svelte/-/svelte-3.4.4.tgz",
      "integrity": "sha512-O9tzroEWVPOQe1QITW1jP8LAJwXmCfDDGdkOCa9Y6NlJ+gQwn+/rhFbMQ+vu2PWPLZt1gxN8DjTFM4nOBuMLFg==",
      "dev": true
    }
  }
}
