# THIS IS AN AUTOGENERATED FILE. DO NOT EDIT THIS FILE DIRECTLY.
# yarn lockfile v1


svelte@^3.1.0:
  version "3.1.0"
  resolved "https://registry.yarnpkg.com/svelte/-/svelte-3.1.0.tgz#87a4b643169037f0b3d28a6b1832c28dc0a3fbc3"
  integrity sha512-b5TyzV7Dx1ijN4QPNarhKq5rX98QHDmi18nF0G8KV3d5KX3Jj98Yu4+tzM97ktnXcfoVJmvONvPaX1ZI0mr8Dw==
